
Microsoft Visual Studio Solution File, Format Version 12.00
# Visual Studio Version 17
VisualStudioVersion = 17.11.35303.130
MinimumVisualStudioVersion = 10.0.40219.1
Project("{FAE04EC0-301F-11D3-BF4B-00C04F79EFBC}") = "4", "4\4.csproj", "{DF1A1CDD-E635-4183-A28E-B21040B86B71}"
EndProject
Global
	GlobalSection(SolutionConfigurationPlatforms) = preSolution
		Debug|Any CPU = Debug|Any CPU
		Release|Any CPU = Release|Any CPU
	EndGlobalSection
	GlobalSection(ProjectConfigurationPlatforms) = postSolution
		{DF1A1CDD-E635-4183-A28E-B21040B86B71}.Debug|Any CPU.ActiveCfg = Debug|Any CPU
		{DF1A1CDD-E635-4183-A28E-B21040B86B71}.Debug|Any CPU.Build.0 = Debug|Any CPU
		{DF1A1CDD-E635-4183-A28E-B21040B86B71}.Release|Any CPU.ActiveCfg = Release|Any CPU
		{DF1A1CDD-E635-4183-A28E-B21040B86B71}.Release|Any CPU.Build.0 = Release|Any CPU
	EndGlobalSection
	GlobalSection(SolutionProperties) = preSolution
		HideSolutionNode = FALSE
	EndGlobalSection
	GlobalSection(ExtensibilityGlobals) = postSolution
		SolutionGuid = {BD43E37A-8426-45C7-9ED0-6D70E67723C4}
	EndGlobalSection
EndGlobal
